
Microsoft Visual Studio Solution File, Format Version 12.00
# Visual Studio Version 17
VisualStudioVersion = 17.4.33205.214
MinimumVisualStudioVersion = 10.0.40219.1
Project("{888888A0-9F3D-457C-B088-3A5042F75D52}") = "AleksandrasemjonovaTARpv23töö", "AleksandrasemjonovaTARpv23töö.pyproj", "{1E70059C-743D-437E-B0B5-B98AEFDB29F5}"
EndProject
Global
	GlobalSection(SolutionConfigurationPlatforms) = preSolution
		Debug|Any CPU = Debug|Any CPU
		Release|Any CPU = Release|Any CPU
	EndGlobalSection
	GlobalSection(ProjectConfigurationPlatforms) = postSolution
		{1E70059C-743D-437E-B0B5-B98AEFDB29F5}.Debug|Any CPU.ActiveCfg = Debug|Any CPU
		{1E70059C-743D-437E-B0B5-B98AEFDB29F5}.Release|Any CPU.ActiveCfg = Release|Any CPU
	EndGlobalSection
	GlobalSection(SolutionProperties) = preSolution
		HideSolutionNode = FALSE
	EndGlobalSection
	GlobalSection(ExtensibilityGlobals) = postSolution
		SolutionGuid = {88D8F089-5C34-4E41-B449-BB11CB4E1A67}
	EndGlobalSection
EndGlobal
